
Microsoft Visual Studio Solution File, Format Version 12.00
# Visual Studio 14
VisualStudioVersion = 14.0.24720.0
MinimumVisualStudioVersion = 10.0.40219.1
Project("{FAE04EC0-301F-11D3-BF4B-00C04F79EFBC}") = "BHoM", "BHoM\BHoM.csproj", "{94D88927-62A2-48FC-8EFE-D139B67A3373}"
EndProject
Project("{FAE04EC0-301F-11D3-BF4B-00C04F79EFBC}") = "BHoMTest", "BHoMTest\BHoMTest.csproj", "{B1FAD9B3-4794-48CF-9C4A-C7923DE83A1F}"
EndProject
Global
	GlobalSection(SolutionConfigurationPlatforms) = preSolution
		Debug|Any CPU = Debug|Any CPU
		Release|Any CPU = Release|Any CPU
	EndGlobalSection
	GlobalSection(ProjectConfigurationPlatforms) = postSolution
		{94D88927-62A2-48FC-8EFE-D139B67A3373}.Debug|Any CPU.ActiveCfg = Debug|Any CPU
		{94D88927-62A2-48FC-8EFE-D139B67A3373}.Debug|Any CPU.Build.0 = Debug|Any CPU
		{94D88927-62A2-48FC-8EFE-D139B67A3373}.Release|Any CPU.ActiveCfg = Release|Any CPU
		{94D88927-62A2-48FC-8EFE-D139B67A3373}.Release|Any CPU.Build.0 = Release|Any CPU
		{B1FAD9B3-4794-48CF-9C4A-C7923DE83A1F}.Debug|Any CPU.ActiveCfg = Debug|Any CPU
		{B1FAD9B3-4794-48CF-9C4A-C7923DE83A1F}.Debug|Any CPU.Build.0 = Debug|Any CPU
		{B1FAD9B3-4794-48CF-9C4A-C7923DE83A1F}.Release|Any CPU.ActiveCfg = Release|Any CPU
		{B1FAD9B3-4794-48CF-9C4A-C7923DE83A1F}.Release|Any CPU.Build.0 = Release|Any CPU
	EndGlobalSection
	GlobalSection(SolutionProperties) = preSolution
		HideSolutionNode = FALSE
	EndGlobalSection
EndGlobal
